
Microsoft Visual Studio Solution File, Format Version 12.00
# Visual Studio 15
VisualStudioVersion = 15.0.26124.0
MinimumVisualStudioVersion = 15.0.26124.0
Project("{FAE04EC0-301F-11D3-BF4B-00C04F79EFBC}") = "InventoryLibrary", "InventoryLibrary\InventoryLibrary.csproj", "{286E3ECE-FA56-4366-ABA9-47C4DE12D746}"
EndProject
Project("{FAE04EC0-301F-11D3-BF4B-00C04F79EFBC}") = "ShowCase", "ShowCase\ShowCase.csproj", "{F6A1C892-7B0F-4ADA-9AAD-F17B628E91EE}"
EndProject
Global
	GlobalSection(SolutionConfigurationPlatforms) = preSolution
		Debug|Any CPU = Debug|Any CPU
		Debug|x64 = Debug|x64
		Debug|x86 = Debug|x86
		Release|Any CPU = Release|Any CPU
		Release|x64 = Release|x64
		Release|x86 = Release|x86
	EndGlobalSection
	GlobalSection(SolutionProperties) = preSolution
		HideSolutionNode = FALSE
	EndGlobalSection
	GlobalSection(ProjectConfigurationPlatforms) = postSolution
		{286E3ECE-FA56-4366-ABA9-47C4DE12D746}.Debug|Any CPU.ActiveCfg = Debug|Any CPU
		{286E3ECE-FA56-4366-ABA9-47C4DE12D746}.Debug|Any CPU.Build.0 = Debug|Any CPU
		{286E3ECE-FA56-4366-ABA9-47C4DE12D746}.Debug|x64.ActiveCfg = Debug|Any CPU
		{286E3ECE-FA56-4366-ABA9-47C4DE12D746}.Debug|x64.Build.0 = Debug|Any CPU
		{286E3ECE-FA56-4366-ABA9-47C4DE12D746}.Debug|x86.ActiveCfg = Debug|Any CPU
		{286E3ECE-FA56-4366-ABA9-47C4DE12D746}.Debug|x86.Build.0 = Debug|Any CPU
		{286E3ECE-FA56-4366-ABA9-47C4DE12D746}.Release|Any CPU.ActiveCfg = Release|Any CPU
		{286E3ECE-FA56-4366-ABA9-47C4DE12D746}.Release|Any CPU.Build.0 = Release|Any CPU
		{286E3ECE-FA56-4366-ABA9-47C4DE12D746}.Release|x64.ActiveCfg = Release|Any CPU
		{286E3ECE-FA56-4366-ABA9-47C4DE12D746}.Release|x64.Build.0 = Release|Any CPU
		{286E3ECE-FA56-4366-ABA9-47C4DE12D746}.Release|x86.ActiveCfg = Release|Any CPU
		{286E3ECE-FA56-4366-ABA9-47C4DE12D746}.Release|x86.Build.0 = Release|Any CPU
		{F6A1C892-7B0F-4ADA-9AAD-F17B628E91EE}.Debug|Any CPU.ActiveCfg = Debug|Any CPU
		{F6A1C892-7B0F-4ADA-9AAD-F17B628E91EE}.Debug|Any CPU.Build.0 = Debug|Any CPU
		{F6A1C892-7B0F-4ADA-9AAD-F17B628E91EE}.Debug|x64.ActiveCfg = Debug|Any CPU
		{F6A1C892-7B0F-4ADA-9AAD-F17B628E91EE}.Debug|x64.Build.0 = Debug|Any CPU
		{F6A1C892-7B0F-4ADA-9AAD-F17B628E91EE}.Debug|x86.ActiveCfg = Debug|Any CPU
		{F6A1C892-7B0F-4ADA-9AAD-F17B628E91EE}.Debug|x86.Build.0 = Debug|Any CPU
		{F6A1C892-7B0F-4ADA-9AAD-F17B628E91EE}.Release|Any CPU.ActiveCfg = Release|Any CPU
		{F6A1C892-7B0F-4ADA-9AAD-F17B628E91EE}.Release|Any CPU.Build.0 = Release|Any CPU
		{F6A1C892-7B0F-4ADA-9AAD-F17B628E91EE}.Release|x64.ActiveCfg = Release|Any CPU
		{F6A1C892-7B0F-4ADA-9AAD-F17B628E91EE}.Release|x64.Build.0 = Release|Any CPU
		{F6A1C892-7B0F-4ADA-9AAD-F17B628E91EE}.Release|x86.ActiveCfg = Release|Any CPU
		{F6A1C892-7B0F-4ADA-9AAD-F17B628E91EE}.Release|x86.Build.0 = Release|Any CPU
	EndGlobalSection
EndGlobal
